
Microsoft Visual Studio Solution File, Format Version 12.00
# Visual Studio 2012
Project("{FAE04EC0-301F-11D3-BF4B-00C04F79EFBC}") = "test_data_generator_for_ms_sql", "test_data_generator_for_ms_sql\test_data_generator_for_ms_sql.csproj", "{395E0985-1196-47A0-855A-4DF18AACB826}"
EndProject
Global
	GlobalSection(SolutionConfigurationPlatforms) = preSolution
		Debug|Any CPU = Debug|Any CPU
		Release|Any CPU = Release|Any CPU
	EndGlobalSection
	GlobalSection(ProjectConfigurationPlatforms) = postSolution
		{395E0985-1196-47A0-855A-4DF18AACB826}.Debug|Any CPU.ActiveCfg = Debug|Any CPU
		{395E0985-1196-47A0-855A-4DF18AACB826}.Debug|Any CPU.Build.0 = Debug|Any CPU
		{395E0985-1196-47A0-855A-4DF18AACB826}.Release|Any CPU.ActiveCfg = Release|Any CPU
		{395E0985-1196-47A0-855A-4DF18AACB826}.Release|Any CPU.Build.0 = Release|Any CPU
	EndGlobalSection
	GlobalSection(SolutionProperties) = preSolution
		HideSolutionNode = FALSE
	EndGlobalSection
EndGlobal
